
Microsoft Visual Studio Solution File, Format Version 12.00
# Visual Studio Version 17
VisualStudioVersion = 17.0.31912.275
MinimumVisualStudioVersion = 10.0.40219.1
Project("{FAE04EC0-301F-11D3-BF4B-00C04F79EFBC}") = "AtividadeAula4", "AtividadeAula4\AtividadeAula4.csproj", "{8B1DE30F-17FF-467D-8660-7E29B8BECA8C}"
EndProject
Global
	GlobalSection(SolutionConfigurationPlatforms) = preSolution
		Debug|Any CPU = Debug|Any CPU
		Release|Any CPU = Release|Any CPU
	EndGlobalSection
	GlobalSection(ProjectConfigurationPlatforms) = postSolution
		{8B1DE30F-17FF-467D-8660-7E29B8BECA8C}.Debug|Any CPU.ActiveCfg = Debug|Any CPU
		{8B1DE30F-17FF-467D-8660-7E29B8BECA8C}.Debug|Any CPU.Build.0 = Debug|Any CPU
		{8B1DE30F-17FF-467D-8660-7E29B8BECA8C}.Release|Any CPU.ActiveCfg = Release|Any CPU
		{8B1DE30F-17FF-467D-8660-7E29B8BECA8C}.Release|Any CPU.Build.0 = Release|Any CPU
	EndGlobalSection
	GlobalSection(SolutionProperties) = preSolution
		HideSolutionNode = FALSE
	EndGlobalSection
	GlobalSection(ExtensibilityGlobals) = postSolution
		SolutionGuid = {D2E13D8B-288D-464E-8A35-42FB8B7C1934}
	EndGlobalSection
EndGlobal
